{
    "_meta": {
        "hash": {
            "sha256": "8ed21f38a5d637405619e705c47a560e8bcad2a6524cc3779446205e84dda41b"
        },
        "pipfile-spec": 6,
        "requires": {
            "python_version": "3.6"
        },
        "sources": [
            {
                "name": "pypi",
                "url": "https://pypi.org/simple",
                "verify_ssl": true
            }
        ]
    },
    "default": {
        "base58check": {
            "hashes": [
                "sha256:a597d250ef564806d5c91a8882c92a69f542b90c6b4f04f581ee3202855cc396",
                "sha256:a83863696845a9b0b5ec95aebb32ebfc6ce5596984302c0f2b7b27f24afc2719"
            ],
            "index": "pypi",
            "version": "==1.0.2"
        },
        "click": {
            "hashes": [
                "sha256:29f99fc6125fbc931b758dc053b3114e55c77a6e4c6c3a2674a2dc986016381d",
                "sha256:f15516df478d5a56180fbf80e68f206010e6d160fc39fa508b65e035fd75130b"
            ],
            "index": "pypi",
            "version": "==6.7"
        },
        "ecdsa": {
            "hashes": [
                "sha256:40d002cf360d0e035cf2cb985e1308d41aaa087cbfc135b2dc2d844296ea546c",
                "sha256:64cf1ee26d1cde3c73c6d7d107f835fed7c6a2904aef9eac223d57ad800c43fa"
            ],
            "index": "pypi",
            "version": "==0.13"
        }
    },
    "develop": {}
}
